
Microsoft Visual Studio Solution File, Format Version 12.00
# Visual Studio Version 17
VisualStudioVersion = 17.6.33815.320
MinimumVisualStudioVersion = 10.0.40219.1
Project("{8BC9CEB8-8B4A-11D0-8D11-00A0C91BC942}") = "sudo", "sudo.vcxproj", "{5F786F39-37C8-4095-80E1-57F0F41032EB}"
EndProject
Global
	GlobalSection(SolutionConfigurationPlatforms) = preSolution
		Debug|x64 = Debug|x64
		Debug|x86 = Debug|x86
		Release|x64 = Release|x64
		Release|x86 = Release|x86
	EndGlobalSection
	GlobalSection(ProjectConfigurationPlatforms) = postSolution
		{5F786F39-37C8-4095-80E1-57F0F41032EB}.Debug|x64.ActiveCfg = Debug|x64
		{5F786F39-37C8-4095-80E1-57F0F41032EB}.Debug|x64.Build.0 = Debug|x64
		{5F786F39-37C8-4095-80E1-57F0F41032EB}.Debug|x86.ActiveCfg = Debug|Win32
		{5F786F39-37C8-4095-80E1-57F0F41032EB}.Debug|x86.Build.0 = Debug|Win32
		{5F786F39-37C8-4095-80E1-57F0F41032EB}.Release|x64.ActiveCfg = Release|x64
		{5F786F39-37C8-4095-80E1-57F0F41032EB}.Release|x64.Build.0 = Release|x64
		{5F786F39-37C8-4095-80E1-57F0F41032EB}.Release|x86.ActiveCfg = Release|Win32
		{5F786F39-37C8-4095-80E1-57F0F41032EB}.Release|x86.Build.0 = Release|Win32
	EndGlobalSection
	GlobalSection(SolutionProperties) = preSolution
		HideSolutionNode = FALSE
	EndGlobalSection
	GlobalSection(ExtensibilityGlobals) = postSolution
		SolutionGuid = {FCF95B3E-A8EF-41B6-B7B6-16755805E7E0}
	EndGlobalSection
EndGlobal
